{
  "requires": true,
  "lockfileVersion": 1,
  "dependencies": {
    "country-code-lookup": {
      "version": "0.0.20",
      "resolved": "https://registry.npmjs.org/country-code-lookup/-/country-code-lookup-0.0.20.tgz",
      "integrity": "sha512-mcNlekdiVyiKO0lrjj3FrZ36vxlwjUwXTHpdRtVu9917SAYsHrlORmpHdPXeEXwTmw/yiKiTX4t6LC5uP5KVFg=="
    }
  }
}
